
Microsoft Visual Studio Solution File, Format Version 12.00
# Visual Studio Version 17
VisualStudioVersion = 17.12.35527.113 d17.12
MinimumVisualStudioVersion = 10.0.40219.1
Project("{FAE04EC0-301F-11D3-BF4B-00C04F79EFBC}") = "CSWWeb", "CSWWeb\CSWWeb.csproj", "{4BCA8DB3-BCD0-4D4A-8658-375277AE5286}"
EndProject
Project("{FAE04EC0-301F-11D3-BF4B-00C04F79EFBC}") = "CSWWeb.Lib", "CSWWeb.Lib\CSWWeb.Lib.csproj", "{D5BB35AC-571B-4C3F-8440-FCAA46011707}"
EndProject
Global
	GlobalSection(SolutionConfigurationPlatforms) = preSolution
		Debug|Any CPU = Debug|Any CPU
		Release|Any CPU = Release|Any CPU
	EndGlobalSection
	GlobalSection(ProjectConfigurationPlatforms) = postSolution
		{4BCA8DB3-BCD0-4D4A-8658-375277AE5286}.Debug|Any CPU.ActiveCfg = Debug|Any CPU
		{4BCA8DB3-BCD0-4D4A-8658-375277AE5286}.Debug|Any CPU.Build.0 = Debug|Any CPU
		{4BCA8DB3-BCD0-4D4A-8658-375277AE5286}.Release|Any CPU.ActiveCfg = Release|Any CPU
		{4BCA8DB3-BCD0-4D4A-8658-375277AE5286}.Release|Any CPU.Build.0 = Release|Any CPU
		{D5BB35AC-571B-4C3F-8440-FCAA46011707}.Debug|Any CPU.ActiveCfg = Debug|Any CPU
		{D5BB35AC-571B-4C3F-8440-FCAA46011707}.Debug|Any CPU.Build.0 = Debug|Any CPU
		{D5BB35AC-571B-4C3F-8440-FCAA46011707}.Release|Any CPU.ActiveCfg = Release|Any CPU
		{D5BB35AC-571B-4C3F-8440-FCAA46011707}.Release|Any CPU.Build.0 = Release|Any CPU
	EndGlobalSection
	GlobalSection(SolutionProperties) = preSolution
		HideSolutionNode = FALSE
	EndGlobalSection
EndGlobal
